
Microsoft Visual Studio Solution File, Format Version 12.00
# Visual Studio Version 17
VisualStudioVersion = 17.5.33414.496
MinimumVisualStudioVersion = 10.0.40219.1
Project("{FAE04EC0-301F-11D3-BF4B-00C04F79EFBC}") = "WebApplication1", "WebApplication1.csproj", "{385A79F9-1933-4F0A-AAD6-3234478CDC2A}"
EndProject
Global
	GlobalSection(SolutionConfigurationPlatforms) = preSolution
		Debug|Any CPU = Debug|Any CPU
		Release|Any CPU = Release|Any CPU
	EndGlobalSection
	GlobalSection(ProjectConfigurationPlatforms) = postSolution
		{385A79F9-1933-4F0A-AAD6-3234478CDC2A}.Debug|Any CPU.ActiveCfg = Debug|Any CPU
		{385A79F9-1933-4F0A-AAD6-3234478CDC2A}.Debug|Any CPU.Build.0 = Debug|Any CPU
		{385A79F9-1933-4F0A-AAD6-3234478CDC2A}.Release|Any CPU.ActiveCfg = Release|Any CPU
		{385A79F9-1933-4F0A-AAD6-3234478CDC2A}.Release|Any CPU.Build.0 = Release|Any CPU
	EndGlobalSection
	GlobalSection(SolutionProperties) = preSolution
		HideSolutionNode = FALSE
	EndGlobalSection
	GlobalSection(ExtensibilityGlobals) = postSolution
		SolutionGuid = {6AC4582E-138C-42AD-9F81-A66C476A9947}
	EndGlobalSection
EndGlobal
